{
  "name": "notion-json-lens",
  "lockfileVersion": 3,
  "requires": true,
  "packages": {
    "": {
      "name": "notion-json-lens",
      "devDependencies": {
        "bun-types": "latest"
      },
      "peerDependencies": {
        "typescript": "^5.0.0"
      },
      "version": "1.0.6"
    },
    "node_modules/@types/node": {
      "version": "20.11.28",
      "dev": true,
      "license": "MIT",
      "dependencies": {
        "undici-types": "~5.26.4"
      }
    },
    "node_modules/@types/ws": {
      "version": "8.5.10",
      "dev": true,
      "license": "MIT",
      "dependencies": {
        "@types/node": "*"
      }
    },
    "node_modules/bun-types": {
      "version": "1.0.35",
      "resolved": "https://registry.npmjs.org/bun-types/-/bun-types-1.0.35.tgz",
      "integrity": "sha512-JlFllUCVMZbDyGfbv9dBWXd2tRdZSzyP1EWDKcTTVRViYNYX8AEsfpMN/vu6Hk8CBhKrhbbBkKZcNjJev8QQHQ==",
      "dev": true,
      "dependencies": {
        "@types/node": "~20.11.3",
        "@types/ws": "~8.5.10"
      }
    },
    "node_modules/typescript": {
      "version": "5.4.2",
      "license": "Apache-2.0",
      "peer": true,
      "bin": {
        "tsc": "bin/tsc",
        "tsserver": "bin/tsserver"
      },
      "engines": {
        "node": ">=14.17"
      }
    },
    "node_modules/undici-types": {
      "version": "5.26.5",
      "dev": true,
      "license": "MIT"
    }
  },
  "version": "1.0.6"
}
